lockfileVersion: '6.0'

settings:
  autoInstallPeers: true
  excludeLinksFromLockfile: false

dependencies:
  spitroast:
    specifier: ^1.4.3
    version: 1.4.3
  voby:
    specifier: ^0.54.0
    version: 0.54.0

devDependencies:
  esbuild:
    specifier: ^0.18.11
    version: 0.18.11
  esbuild-plugin-alias:
    specifier: ^0.2.1
    version: 0.2.1
  esbuild-sass-plugin:
    specifier: ^2.10.0
    version: 2.10.0(esbuild@0.18.11)
  postcss:
    specifier: ^8.4.26
    version: 8.4.26
  postcss-modules:
    specifier: ^6.0.0
    version: 6.0.0(postcss@8.4.26)
  typescript:
    specifier: ^5.1.6
    version: 5.1.6

packages:

  /@esbuild/android-arm64@0.18.11:
    resolution: {integrity: sha512-snieiq75Z1z5LJX9cduSAjUr7vEI1OdlzFPMw0HH5YI7qQHDd3qs+WZoMrWYDsfRJSq36lIA6mfZBkvL46KoIw==}
    engines: {node: '>=12'}
    cpu: [arm64]
    os: [android]
    requiresBuild: true
    dev: true
    optional: true

  /@esbuild/android-arm@0.18.11:
    resolution: {integrity: sha512-q4qlUf5ucwbUJZXF5tEQ8LF7y0Nk4P58hOsGk3ucY0oCwgQqAnqXVbUuahCddVHfrxmpyewRpiTHwVHIETYu7Q==}
    engines: {node: '>=12'}
    cpu: [arm]
    os: [android]
    requiresBuild: true
    dev: true
    optional: true

  /@esbuild/android-x64@0.18.11:
    resolution: {integrity: sha512-iPuoxQEV34+hTF6FT7om+Qwziv1U519lEOvekXO9zaMMlT9+XneAhKL32DW3H7okrCOBQ44BMihE8dclbZtTuw==}
    engines: {node: '>=12'}
    cpu: [x64]
    os: [android]
    requiresBuild: true
    dev: true
    optional: true

  /@esbuild/darwin-arm64@0.18.11:
    resolution: {integrity: sha512-Gm0QkI3k402OpfMKyQEEMG0RuW2LQsSmI6OeO4El2ojJMoF5NLYb3qMIjvbG/lbMeLOGiW6ooU8xqc+S0fgz2w==}
    engines: {node: '>=12'}
    cpu: [arm64]
    os: [darwin]
    requiresBuild: true
    dev: true
    optional: true

  /@esbuild/darwin-x64@0.18.11:
    resolution: {integrity: sha512-N15Vzy0YNHu6cfyDOjiyfJlRJCB/ngKOAvoBf1qybG3eOq0SL2Lutzz9N7DYUbb7Q23XtHPn6lMDF6uWbGv9Fw==}
    engines: {node: '>=12'}
    cpu: [x64]
    os: [darwin]
    requiresBuild: true
    dev: true
    optional: true

  /@esbuild/freebsd-arm64@0.18.11:
    resolution: {integrity: sha512-atEyuq6a3omEY5qAh5jIORWk8MzFnCpSTUruBgeyN9jZq1K/QI9uke0ATi3MHu4L8c59CnIi4+1jDKMuqmR71A==}
    engines: {node: '>=12'}
    cpu: [arm64]
    os: [freebsd]
    requiresBuild: true
    dev: true
    optional: true

  /@esbuild/freebsd-x64@0.18.11:
    resolution: {integrity: sha512-XtuPrEfBj/YYYnAAB7KcorzzpGTvOr/dTtXPGesRfmflqhA4LMF0Gh/n5+a9JBzPuJ+CGk17CA++Hmr1F/gI0Q==}
    engines: {node: '>=12'}
    cpu: [x64]
    os: [freebsd]
    requiresBuild: true
    dev: true
    optional: true

  /@esbuild/linux-arm64@0.18.11:
    resolution: {integrity: sha512-c6Vh2WS9VFKxKZ2TvJdA7gdy0n6eSy+yunBvv4aqNCEhSWVor1TU43wNRp2YLO9Vng2G+W94aRz+ILDSwAiYog==}
    engines: {node: '>=12'}
    cpu: [arm64]
    os: [linux]
    requiresBuild: true
    dev: true
    optional: true

  /@esbuild/linux-arm@0.18.11:
    resolution: {integrity: sha512-Idipz+Taso/toi2ETugShXjQ3S59b6m62KmLHkJlSq/cBejixmIydqrtM2XTvNCywFl3VC7SreSf6NV0i6sRyg==}
    engines: {node: '>=12'}
    cpu: [arm]
    os: [linux]
    requiresBuild: true
    dev: true
    optional: true

  /@esbuild/linux-ia32@0.18.11:
    resolution: {integrity: sha512-S3hkIF6KUqRh9n1Q0dSyYcWmcVa9Cg+mSoZEfFuzoYXXsk6196qndrM+ZiHNwpZKi3XOXpShZZ+9dfN5ykqjjw==}
    engines: {node: '>=12'}
    cpu: [ia32]
    os: [linux]
    requiresBuild: true
    dev: true
    optional: true

  /@esbuild/linux-loong64@0.18.11:
    resolution: {integrity: sha512-MRESANOoObQINBA+RMZW+Z0TJWpibtE7cPFnahzyQHDCA9X9LOmGh68MVimZlM9J8n5Ia8lU773te6O3ILW8kw==}
    engines: {node: '>=12'}
    cpu: [loong64]
    os: [linux]
    requiresBuild: true
    dev: true
    optional: true

  /@esbuild/linux-mips64el@0.18.11:
    resolution: {integrity: sha512-qVyPIZrXNMOLYegtD1u8EBccCrBVshxMrn5MkuFc3mEVsw7CCQHaqZ4jm9hbn4gWY95XFnb7i4SsT3eflxZsUg==}
    engines: {node: '>=12'}
    cpu: [mips64el]
    os: [linux]
    requiresBuild: true
    dev: true
    optional: true

  /@esbuild/linux-ppc64@0.18.11:
    resolution: {integrity: sha512-T3yd8vJXfPirZaUOoA9D2ZjxZX4Gr3QuC3GztBJA6PklLotc/7sXTOuuRkhE9W/5JvJP/K9b99ayPNAD+R+4qQ==}
    engines: {node: '>=12'}
    cpu: [ppc64]
    os: [linux]
    requiresBuild: true
    dev: true
    optional: true

  /@esbuild/linux-riscv64@0.18.11:
    resolution: {integrity: sha512-evUoRPWiwuFk++snjH9e2cAjF5VVSTj+Dnf+rkO/Q20tRqv+644279TZlPK8nUGunjPAtQRCj1jQkDAvL6rm2w==}
    engines: {node: '>=12'}
    cpu: [riscv64]
    os: [linux]
    requiresBuild: true
    dev: true
    optional: true

  /@esbuild/linux-s390x@0.18.11:
    resolution: {integrity: sha512-/SlRJ15XR6i93gRWquRxYCfhTeC5PdqEapKoLbX63PLCmAkXZHY2uQm2l9bN0oPHBsOw2IswRZctMYS0MijFcg==}
    engines: {node: '>=12'}
    cpu: [s390x]
    os: [linux]
    requiresBuild: true
    dev: true
    optional: true

  /@esbuild/linux-x64@0.18.11:
    resolution: {integrity: sha512-xcncej+wF16WEmIwPtCHi0qmx1FweBqgsRtEL1mSHLFR6/mb3GEZfLQnx+pUDfRDEM4DQF8dpXIW7eDOZl1IbA==}
    engines: {node: '>=12'}
    cpu: [x64]
    os: [linux]
    requiresBuild: true
    dev: true
    optional: true

  /@esbuild/netbsd-x64@0.18.11:
    resolution: {integrity: sha512-aSjMHj/F7BuS1CptSXNg6S3M4F3bLp5wfFPIJM+Km2NfIVfFKhdmfHF9frhiCLIGVzDziggqWll0B+9AUbud/Q==}
    engines: {node: '>=12'}
    cpu: [x64]
    os: [netbsd]
    requiresBuild: true
    dev: true
    optional: true

  /@esbuild/openbsd-x64@0.18.11:
    resolution: {integrity: sha512-tNBq+6XIBZtht0xJGv7IBB5XaSyvYPCm1PxJ33zLQONdZoLVM0bgGqUrXnJyiEguD9LU4AHiu+GCXy/Hm9LsdQ==}
    engines: {node: '>=12'}
    cpu: [x64]
    os: [openbsd]
    requiresBuild: true
    dev: true
    optional: true

  /@esbuild/sunos-x64@0.18.11:
    resolution: {integrity: sha512-kxfbDOrH4dHuAAOhr7D7EqaYf+W45LsAOOhAet99EyuxxQmjbk8M9N4ezHcEiCYPaiW8Dj3K26Z2V17Gt6p3ng==}
    engines: {node: '>=12'}
    cpu: [x64]
    os: [sunos]
    requiresBuild: true
    dev: true
    optional: true

  /@esbuild/win32-arm64@0.18.11:
    resolution: {integrity: sha512-Sh0dDRyk1Xi348idbal7lZyfSkjhJsdFeuC13zqdipsvMetlGiFQNdO+Yfp6f6B4FbyQm7qsk16yaZk25LChzg==}
    engines: {node: '>=12'}
    cpu: [arm64]
    os: [win32]
    requiresBuild: true
    dev: true
    optional: true

  /@esbuild/win32-ia32@0.18.11:
    resolution: {integrity: sha512-o9JUIKF1j0rqJTFbIoF4bXj6rvrTZYOrfRcGyL0Vm5uJ/j5CkBD/51tpdxe9lXEDouhRgdr/BYzUrDOvrWwJpg==}
    engines: {node: '>=12'}
    cpu: [ia32]
    os: [win32]
    requiresBuild: true
    dev: true
    optional: true

  /@esbuild/win32-x64@0.18.11:
    resolution: {integrity: sha512-rQI4cjLHd2hGsM1LqgDI7oOCYbQ6IBOVsX9ejuRMSze0GqXUG2ekwiKkiBU1pRGSeCqFFHxTrcEydB2Hyoz9CA==}
    engines: {node: '>=12'}
    cpu: [x64]
    os: [win32]
    requiresBuild: true
    dev: true
    optional: true

  /anymatch@3.1.3:
    resolution: {integrity: sha512-KMReFUr0B4t+D+OBkjR3KYqvocp2XaSzO55UcB6mgQMd3KbcE+mWTyvVV7D/zsdEbNnV6acZUutkiHQXvTr1Rw==}
    engines: {node: '>= 8'}
    dependencies:
      normalize-path: 3.0.0
      picomatch: 2.3.1
    dev: true

  /binary-extensions@2.2.0:
    resolution: {integrity: sha512-jDctJ/IVQbZoJykoeHbhXpOlNBqGNcwXJKJog42E5HDPUwQTSdjCHdihjj0DlnheQ7blbT6dHOafNAiS8ooQKA==}
    engines: {node: '>=8'}
    dev: true

  /braces@3.0.2:
    resolution: {integrity: sha512-b8um+L1RzM3WDSzvhm6gIz1yfTbBt6YTlcEKAvsmqCZZFw46z626lVj9j1yEPW33H5H+lBQpZMP1k8l+78Ha0A==}
    engines: {node: '>=8'}
    dependencies:
      fill-range: 7.0.1
    dev: true

  /chokidar@3.5.3:
    resolution: {integrity: sha512-Dr3sfKRP6oTcjf2JmUmFJfeVMvXBdegxB0iVQ5eb2V10uFJUCAS8OByZdVAyVb8xXNz3GjjTgj9kLWsZTqE6kw==}
    engines: {node: '>= 8.10.0'}
    dependencies:
      anymatch: 3.1.3
      braces: 3.0.2
      glob-parent: 5.1.2
      is-binary-path: 2.1.0
      is-glob: 4.0.3
      normalize-path: 3.0.0
      readdirp: 3.6.0
    optionalDependencies:
      fsevents: 2.3.2
    dev: true

  /cssesc@3.0.0:
    resolution: {integrity: sha512-/Tb/JcjK111nNScGob5MNtsntNM1aCNUDipB/TkwZFhyDrrE47SOx/18wF2bbjgc3ZzCSKW1T5nt5EbFoAz/Vg==}
    engines: {node: '>=4'}
    hasBin: true
    dev: true

  /esbuild-plugin-alias@0.2.1:
    resolution: {integrity: sha512-jyfL/pwPqaFXyKnj8lP8iLk6Z0m099uXR45aSN8Av1XD4vhvQutxxPzgA2bTcAwQpa1zCXDcWOlhFgyP3GKqhQ==}
    dev: true

  /esbuild-sass-plugin@2.10.0(esbuild@0.18.11):
    resolution: {integrity: sha512-STv849QGT8g77RRFmroSt4VBVKjv+dypKcO4aWz8IP4G5JbRH0KC0+B8ODuzlUNu9R5MbkGcev/62RDP/JcZ2Q==}
    peerDependencies:
      esbuild: ^0.18.0
    dependencies:
      esbuild: 0.18.11
      resolve: 1.22.2
      sass: 1.63.6
    dev: true

  /esbuild@0.18.11:
    resolution: {integrity: sha512-i8u6mQF0JKJUlGR3OdFLKldJQMMs8OqM9Cc3UCi9XXziJ9WERM5bfkHaEAy0YAvPRMgqSW55W7xYn84XtEFTtA==}
    engines: {node: '>=12'}
    hasBin: true
    requiresBuild: true
    optionalDependencies:
      '@esbuild/android-arm': 0.18.11
      '@esbuild/android-arm64': 0.18.11
      '@esbuild/android-x64': 0.18.11
      '@esbuild/darwin-arm64': 0.18.11
      '@esbuild/darwin-x64': 0.18.11
      '@esbuild/freebsd-arm64': 0.18.11
      '@esbuild/freebsd-x64': 0.18.11
      '@esbuild/linux-arm': 0.18.11
      '@esbuild/linux-arm64': 0.18.11
      '@esbuild/linux-ia32': 0.18.11
      '@esbuild/linux-loong64': 0.18.11
      '@esbuild/linux-mips64el': 0.18.11
      '@esbuild/linux-ppc64': 0.18.11
      '@esbuild/linux-riscv64': 0.18.11
      '@esbuild/linux-s390x': 0.18.11
      '@esbuild/linux-x64': 0.18.11
      '@esbuild/netbsd-x64': 0.18.11
      '@esbuild/openbsd-x64': 0.18.11
      '@esbuild/sunos-x64': 0.18.11
      '@esbuild/win32-arm64': 0.18.11
      '@esbuild/win32-ia32': 0.18.11
      '@esbuild/win32-x64': 0.18.11
    dev: true

  /fill-range@7.0.1:
    resolution: {integrity: sha512-qOo9F+dMUmC2Lcb4BbVvnKJxTPjCm+RRpe4gDuGrzkL7mEVl/djYSu2OdQ2Pa302N4oqkSg9ir6jaLWJ2USVpQ==}
    engines: {node: '>=8'}
    dependencies:
      to-regex-range: 5.0.1
    dev: true

  /fsevents@2.3.2:
    resolution: {integrity: sha512-xiqMQR4xAeHTuB9uWm+fFRcIOgKBMiOBP+eXiyT7jsgVCq1bkVygt00oASowB7EdtpOHaaPgKt812P9ab+DDKA==}
    engines: {node: ^8.16.0 || ^10.6.0 || >=11.0.0}
    os: [darwin]
    requiresBuild: true
    dev: true
    optional: true

  /function-bind@1.1.1:
    resolution: {integrity: sha512-yIovAzMX49sF8Yl58fSCWJ5svSLuaibPxXQJFLmBObTuCr0Mf1KiPopGM9NiFjiYBCbfaa2Fh6breQ6ANVTI0A==}
    dev: true

  /generic-names@4.0.0:
    resolution: {integrity: sha512-ySFolZQfw9FoDb3ed9d80Cm9f0+r7qj+HJkWjeD9RBfpxEVTlVhol+gvaQB/78WbwYfbnNh8nWHHBSlg072y6A==}
    dependencies:
      loader-utils: 3.2.1
    dev: true

  /glob-parent@5.1.2:
    resolution: {integrity: sha512-AOIgSQCepiJYwP3ARnGx+5VnTu2HBYdzbGP45eLw1vr3zB3vZLeyed1sC9hnbcOc9/SrMyM5RPQrkGz4aS9Zow==}
    engines: {node: '>= 6'}
    dependencies:
      is-glob: 4.0.3
    dev: true

  /has@1.0.3:
    resolution: {integrity: sha512-f2dvO0VU6Oej7RkWJGrehjbzMAjFp5/VKPp5tTpWIV4JHHZK1/BxbFRtf/siA2SWTe09caDmVtYYzWEIbBS4zw==}
    engines: {node: '>= 0.4.0'}
    dependencies:
      function-bind: 1.1.1
    dev: true

  /icss-utils@5.1.0(postcss@8.4.26):
    resolution: {integrity: sha512-soFhflCVWLfRNOPU3iv5Z9VUdT44xFRbzjLsEzSr5AQmgqPMTHdU3PMT1Cf1ssx8fLNJDA1juftYl+PUcv3MqA==}
    engines: {node: ^10 || ^12 || >= 14}
    peerDependencies:
      postcss: ^8.1.0
    dependencies:
      postcss: 8.4.26
    dev: true

  /immutable@4.3.1:
    resolution: {integrity: sha512-lj9cnmB/kVS0QHsJnYKD1uo3o39nrbKxszjnqS9Fr6NB7bZzW45U6WSGBPKXDL/CvDKqDNPA4r3DoDQ8GTxo2A==}
    dev: true

  /is-binary-path@2.1.0:
    resolution: {integrity: sha512-ZMERYes6pDydyuGidse7OsHxtbI7WVeUEozgR/g7rd0xUimYNlvZRE/K2MgZTjWy725IfelLeVcEM97mmtRGXw==}
    engines: {node: '>=8'}
    dependencies:
      binary-extensions: 2.2.0
    dev: true

  /is-core-module@2.12.1:
    resolution: {integrity: sha512-Q4ZuBAe2FUsKtyQJoQHlvP8OvBERxO3jEmy1I7hcRXcJBGGHFh/aJBswbXuS9sgrDH2QUO8ilkwNPHvHMd8clg==}
    dependencies:
      has: 1.0.3
    dev: true

  /is-extglob@2.1.1:
    resolution: {integrity: sha512-SbKbANkN603Vi4jEZv49LeVJMn4yGwsbzZworEoyEiutsN3nJYdbO36zfhGJ6QEDpOZIFkDtnq5JRxmvl3jsoQ==}
    engines: {node: '>=0.10.0'}
    dev: true

  /is-glob@4.0.3:
    resolution: {integrity: sha512-xelSayHH36ZgE7ZWhli7pW34hNbNl8Ojv5KVmkJD4hBdD3th8Tfk9vYasLM+mXWOZhFkgZfxhLSnrwRr4elSSg==}
    engines: {node: '>=0.10.0'}
    dependencies:
      is-extglob: 2.1.1
    dev: true

  /is-number@7.0.0:
    resolution: {integrity: sha512-41Cifkg6e8TylSpdtTpeLVMqvSBEVzTttHvERD741+pnZ8ANv0004MRL43QKPDlK9cGvNp6NZWZUBlbGXYxxng==}
    engines: {node: '>=0.12.0'}
    dev: true

  /loader-utils@3.2.1:
    resolution: {integrity: sha512-ZvFw1KWS3GVyYBYb7qkmRM/WwL2TQQBxgCK62rlvm4WpVQ23Nb4tYjApUlfjrEGvOs7KHEsmyUn75OHZrJMWPw==}
    engines: {node: '>= 12.13.0'}
    dev: true

  /lodash.camelcase@4.3.0:
    resolution: {integrity: sha512-TwuEnCnxbc3rAvhf/LbG7tJUDzhqXyFnv3dtzLOPgCG/hODL7WFnsbwktkD7yUV0RrreP/l1PALq/YSg6VvjlA==}
    dev: true

  /nanoid@3.3.6:
    resolution: {integrity: sha512-BGcqMMJuToF7i1rt+2PWSNVnWIkGCU78jBG3RxO/bZlnZPK2Cmi2QaffxGO/2RvWi9sL+FAiRiXMgsyxQ1DIDA==}
    engines: {node: ^10 || ^12 || ^13.7 || ^14 || >=15.0.1}
    hasBin: true
    dev: true

  /normalize-path@3.0.0:
    resolution: {integrity: sha512-6eZs5Ls3WtCisHWp9S2GUy8dqkpGi4BVSz3GaqiE6ezub0512ESztXUwUB6C6IKbQkY2Pnb/mD4WYojCRwcwLA==}
    engines: {node: '>=0.10.0'}
    dev: true

  /path-parse@1.0.7:
    resolution: {integrity: sha512-LDJzPVEEEPR+y48z93A0Ed0yXb8pAByGWo/k5YYdYgpY2/2EsOsksJrq7lOHxryrVOn1ejG6oAp8ahvOIQD8sw==}
    dev: true

  /picocolors@1.0.0:
    resolution: {integrity: sha512-1fygroTLlHu66zi26VoTDv8yRgm0Fccecssto+MhsZ0D/DGW2sm8E8AjW7NU5VVTRt5GxbeZ5qBuJr+HyLYkjQ==}
    dev: true

  /picomatch@2.3.1:
    resolution: {integrity: sha512-JU3teHTNjmE2VCGFzuY8EXzCDVwEqB2a8fsIvwaStHhAWJEeVd1o1QD80CU6+ZdEXXSLbSsuLwJjkCBWqRQUVA==}
    engines: {node: '>=8.6'}
    dev: true

  /postcss-modules-extract-imports@3.0.0(postcss@8.4.26):
    resolution: {integrity: sha512-bdHleFnP3kZ4NYDhuGlVK+CMrQ/pqUm8bx/oGL93K6gVwiclvX5x0n76fYMKuIGKzlABOy13zsvqjb0f92TEXw==}
    engines: {node: ^10 || ^12 || >= 14}
    peerDependencies:
      postcss: ^8.1.0
    dependencies:
      postcss: 8.4.26
    dev: true

  /postcss-modules-local-by-default@4.0.3(postcss@8.4.26):
    resolution: {integrity: sha512-2/u2zraspoACtrbFRnTijMiQtb4GW4BvatjaG/bCjYQo8kLTdevCUlwuBHx2sCnSyrI3x3qj4ZK1j5LQBgzmwA==}
    engines: {node: ^10 || ^12 || >= 14}
    peerDependencies:
      postcss: ^8.1.0
    dependencies:
      icss-utils: 5.1.0(postcss@8.4.26)
      postcss: 8.4.26
      postcss-selector-parser: 6.0.13
      postcss-value-parser: 4.2.0
    dev: true

  /postcss-modules-scope@3.0.0(postcss@8.4.26):
    resolution: {integrity: sha512-hncihwFA2yPath8oZ15PZqvWGkWf+XUfQgUGamS4LqoP1anQLOsOJw0vr7J7IwLpoY9fatA2qiGUGmuZL0Iqlg==}
    engines: {node: ^10 || ^12 || >= 14}
    peerDependencies:
      postcss: ^8.1.0
    dependencies:
      postcss: 8.4.26
      postcss-selector-parser: 6.0.13
    dev: true

  /postcss-modules-values@4.0.0(postcss@8.4.26):
    resolution: {integrity: sha512-RDxHkAiEGI78gS2ofyvCsu7iycRv7oqw5xMWn9iMoR0N/7mf9D50ecQqUo5BZ9Zh2vH4bCUR/ktCqbB9m8vJjQ==}
    engines: {node: ^10 || ^12 || >= 14}
    peerDependencies:
      postcss: ^8.1.0
    dependencies:
      icss-utils: 5.1.0(postcss@8.4.26)
      postcss: 8.4.26
    dev: true

  /postcss-modules@6.0.0(postcss@8.4.26):
    resolution: {integrity: sha512-7DGfnlyi/ju82BRzTIjWS5C4Tafmzl3R79YP/PASiocj+aa6yYphHhhKUOEoXQToId5rgyFgJ88+ccOUydjBXQ==}
    peerDependencies:
      postcss: ^8.0.0
    dependencies:
      generic-names: 4.0.0
      icss-utils: 5.1.0(postcss@8.4.26)
      lodash.camelcase: 4.3.0
      postcss: 8.4.26
      postcss-modules-extract-imports: 3.0.0(postcss@8.4.26)
      postcss-modules-local-by-default: 4.0.3(postcss@8.4.26)
      postcss-modules-scope: 3.0.0(postcss@8.4.26)
      postcss-modules-values: 4.0.0(postcss@8.4.26)
      string-hash: 1.1.3
    dev: true

  /postcss-selector-parser@6.0.13:
    resolution: {integrity: sha512-EaV1Gl4mUEV4ddhDnv/xtj7sxwrwxdetHdWUGnT4VJQf+4d05v6lHYZr8N573k5Z0BViss7BDhfWtKS3+sfAqQ==}
    engines: {node: '>=4'}
    dependencies:
      cssesc: 3.0.0
      util-deprecate: 1.0.2
    dev: true

  /postcss-value-parser@4.2.0:
    resolution: {integrity: sha512-1NNCs6uurfkVbeXG4S8JFT9t19m45ICnif8zWLd5oPSZ50QnwMfK+H3jv408d4jw/7Bttv5axS5IiHoLaVNHeQ==}
    dev: true

  /postcss@8.4.26:
    resolution: {integrity: sha512-jrXHFF8iTloAenySjM/ob3gSj7pCu0Ji49hnjqzsgSRa50hkWCKD0HQ+gMNJkW38jBI68MpAAg7ZWwHwX8NMMw==}
    engines: {node: ^10 || ^12 || >=14}
    dependencies:
      nanoid: 3.3.6
      picocolors: 1.0.0
      source-map-js: 1.0.2
    dev: true

  /readdirp@3.6.0:
    resolution: {integrity: sha512-hOS089on8RduqdbhvQ5Z37A0ESjsqz6qnRcffsMU3495FuTdqSm+7bhJ29JvIOsBDEEnan5DPu9t3To9VRlMzA==}
    engines: {node: '>=8.10.0'}
    dependencies:
      picomatch: 2.3.1
    dev: true

  /resolve@1.22.2:
    resolution: {integrity: sha512-Sb+mjNHOULsBv818T40qSPeRiuWLyaGMa5ewydRLFimneixmVy2zdivRl+AF6jaYPC8ERxGDmFSiqui6SfPd+g==}
    hasBin: true
    dependencies:
      is-core-module: 2.12.1
      path-parse: 1.0.7
      supports-preserve-symlinks-flag: 1.0.0
    dev: true

  /sass@1.63.6:
    resolution: {integrity: sha512-MJuxGMHzaOW7ipp+1KdELtqKbfAWbH7OLIdoSMnVe3EXPMTmxTmlaZDCTsgIpPCs3w99lLo9/zDKkOrJuT5byw==}
    engines: {node: '>=14.0.0'}
    hasBin: true
    dependencies:
      chokidar: 3.5.3
      immutable: 4.3.1
      source-map-js: 1.0.2
    dev: true

  /source-map-js@1.0.2:
    resolution: {integrity: sha512-R0XvVJ9WusLiqTCEiGCmICCMplcCkIwwR11mOSD9CR5u+IXYdiseeEuXCVAjS54zqwkLcPNnmU4OeJ6tUrWhDw==}
    engines: {node: '>=0.10.0'}
    dev: true
  /htm@3.1.1:
    resolution: {integrity: sha512-983Vyg8NwUE7JkZ6NmOqpCZ+sh1bKv2iYTlUkzlWmA5JD2acKoxd4KVxbMmxX/85mtfdnDmTFoNKcg5DGAvxNQ==}
    dev: false

  /oby@14.3.0:
    resolution: {integrity: sha512-ZVDpA397HjvlOsnN6zlpAOKL4bZp/7jDfhdAE0KPLVS3RMIzqzxGW+aX1JYdmZz/x8qMNFm28z1JxDhwS4IC3Q==}
    dev: false

  /spitroast@1.4.3:
    resolution: {integrity: sha512-JdkzAy2tT82ahx+eEtM5ohBeHICqFln/Yzo+vPGnE5sX1LYgPHCU2qcaSIJfR/xNrhI0q+ftwFz0H2aJysv3EA==}
    dev: false

  /string-hash@1.1.3:
    resolution: {integrity: sha512-kJUvRUFK49aub+a7T1nNE66EJbZBMnBgoC1UbCZ5n6bsZKBRga4KgBRTMn/pFkeCZSYtNeSyMxPDM0AXWELk2A==}
    dev: true

  /supports-preserve-symlinks-flag@1.0.0:
    resolution: {integrity: sha512-ot0WnXS9fgdkgIcePe6RHNk1WA8+muPa6cSjeR3V8K27q9BB1rTE3R1p7Hv0z1ZyAc8s6Vvv8DIyWf681MAt0w==}
    engines: {node: '>= 0.4'}
    dev: true

  /to-regex-range@5.0.1:
    resolution: {integrity: sha512-65P7iz6X5yEr1cwcgvQxbbIw7Uk3gOy5dIdtZ4rDveLqhrdJP+Li/Hx6tyK0NEb+2GCyneCMJiGqrADCSNk8sQ==}
    engines: {node: '>=8.0'}
    dependencies:
      is-number: 7.0.0
    dev: true

  /typescript@5.1.6:
    resolution: {integrity: sha512-zaWCozRZ6DLEWAWFrVDz1H6FVXzUSfTy5FUMWsQlU8Ym5JP9eO4xkTIROFCQvhQf61z6O/G6ugw3SgAnvvm+HA==}
    engines: {node: '>=14.17'}
    hasBin: true
    dev: true

  /util-deprecate@1.0.2:
    resolution: {integrity: sha512-EPD5q1uXyFxJpCrLnCc1nHnq3gOa6DZBocAIiI2TaSCA7VCJ1UJDMagCzIkXNsUYfD1daK//LTEQ8xiIbrHtcw==}
    dev: true
  /voby@0.54.0:
    resolution: {integrity: sha512-hH8LXcP0QR4J6nnzfSWGD13onq7hqdc/ya1r1Bb+TxibtECYKZRO1m4HdSU4RcE7MdAaQwR5pwgd+hqXCqk2OA==}
    dependencies:
      htm: 3.1.1
      oby: 14.3.0
    dev: false
